
Microsoft Visual Studio Solution File, Format Version 12.00
# Visual Studio Version 17
VisualStudioVersion = 17.14.36811.4 d17.14
MinimumVisualStudioVersion = 10.0.40219.1
Project("{FAE04EC0-301F-11D3-BF4B-00C04F79EFBC}") = "sleeper", "sleeper\sleeper.csproj", "{AD27E4C5-C04B-49A3-B7C5-E251E3FC1950}"
EndProject
Global
	GlobalSection(SolutionConfigurationPlatforms) = preSolution
		Debug|Any CPU = Debug|Any CPU
		Release|Any CPU = Release|Any CPU
	EndGlobalSection
	GlobalSection(ProjectConfigurationPlatforms) = postSolution
		{AD27E4C5-C04B-49A3-B7C5-E251E3FC1950}.Debug|Any CPU.ActiveCfg = Debug|Any CPU
		{AD27E4C5-C04B-49A3-B7C5-E251E3FC1950}.Debug|Any CPU.Build.0 = Debug|Any CPU
		{AD27E4C5-C04B-49A3-B7C5-E251E3FC1950}.Release|Any CPU.ActiveCfg = Release|Any CPU
		{AD27E4C5-C04B-49A3-B7C5-E251E3FC1950}.Release|Any CPU.Build.0 = Release|Any CPU
	EndGlobalSection
	GlobalSection(SolutionProperties) = preSolution
		HideSolutionNode = FALSE
	EndGlobalSection
	GlobalSection(ExtensibilityGlobals) = postSolution
		SolutionGuid = {EF47448D-0C89-4D54-A11B-17A6424CE50B}
	EndGlobalSection
EndGlobal
